
Microsoft Visual Studio Solution File, Format Version 12.00
# Visual Studio Version 17
VisualStudioVersion = 17.3.32922.545
MinimumVisualStudioVersion = 10.0.40219.1
Project("{8BC9CEB8-8B4A-11D0-8D11-00A0C91BC942}") = "Jogo 2D-Tecnicas de Programacao", "Jogo 2D-Tecnicas de Programacao\Jogo 2D-Tecnicas de Programacao.vcxproj", "{91477EC2-27FB-4DB5-ABF1-D8A716D945F4}"
EndProject
Global
	GlobalSection(SolutionConfigurationPlatforms) = preSolution
		Debug|x64 = Debug|x64
		Debug|x86 = Debug|x86
		Release|x64 = Release|x64
		Release|x86 = Release|x86
	EndGlobalSection
	GlobalSection(ProjectConfigurationPlatforms) = postSolution
		{91477EC2-27FB-4DB5-ABF1-D8A716D945F4}.Debug|x64.ActiveCfg = Debug|x64
		{91477EC2-27FB-4DB5-ABF1-D8A716D945F4}.Debug|x64.Build.0 = Debug|x64
		{91477EC2-27FB-4DB5-ABF1-D8A716D945F4}.Debug|x86.ActiveCfg = Debug|Win32
		{91477EC2-27FB-4DB5-ABF1-D8A716D945F4}.Debug|x86.Build.0 = Debug|Win32
		{91477EC2-27FB-4DB5-ABF1-D8A716D945F4}.Release|x64.ActiveCfg = Release|x64
		{91477EC2-27FB-4DB5-ABF1-D8A716D945F4}.Release|x64.Build.0 = Release|x64
		{91477EC2-27FB-4DB5-ABF1-D8A716D945F4}.Release|x86.ActiveCfg = Release|Win32
		{91477EC2-27FB-4DB5-ABF1-D8A716D945F4}.Release|x86.Build.0 = Release|Win32
	EndGlobalSection
	GlobalSection(SolutionProperties) = preSolution
		HideSolutionNode = FALSE
	EndGlobalSection
	GlobalSection(ExtensibilityGlobals) = postSolution
		SolutionGuid = {F0FC86C4-B57B-439D-BC5C-FCEA308140DE}
	EndGlobalSection
EndGlobal
